github.com/yah01/container v0.0.0-20220528170401-3951edf1065b h1:/bdqyNg234fQ5umQ48qJ9VR9QGQgDEKTtUbN0dcbJDY=
github.com/yah01/container v0.0.0-20220528170401-3951edf1065b/go.mod h1:J1XhjWDXGZHI5GCqb3WEGCZ48NxLF70V6v7rrwIcmL4=
github.com/yah01/container v0.0.0-20220528170552-d85b7444f0f0 h1:Vua+4tFD2mENtEULZ54AXKT5ZWBLoDH+vsDrLWMVAZ8=
github.com/yah01/container v0.0.0-20220528170552-d85b7444f0f0/go.mod h1:J1XhjWDXGZHI5GCqb3WEGCZ48NxLF70V6v7rrwIcmL4=
golang.org/x/exp v0.0.0-20220321155233-aaef6dbbfd82 h1:63NI0pAbB9LULBTO6SszQL5J+6skZewuMXJ9xP3a3GU=
golang.org/x/exp v0.0.0-20220321155233-aaef6dbbfd82/go.mod h1:lgLbSvA5ygNOMpwM/9anMpWVlVJ7Z+cHWq/eFuinpGE=
golang.org/x/exp v0.0.0-20220518171630-0b5c67f07fdf h1:oXVg4h2qJDd9htKxb5SCpFBHLipW6hXmL3qpUixS2jw=
golang.org/x/exp v0.0.0-20220518171630-0b5c67f07fdf/go.mod h1:yh0Ynu2b5ZUe3MQfp2nM0ecK7wsgouWTDN0FNeJuIys=
